// !$*UTF8*$!
{
	archiveVersion = 1;
	classes = {};
	objectVersion = 56;
	objects = {
		3AD108A0A0A24505912FE76D /* AgentController.swift in Sources */ = {isa = PBXBuildFile; fileRef = AA2689941AC041F8867118DC /* AgentController.swift */; };
		B38312E3E36647B38FC61964 /* AgentDecision.swift in Sources */ = {isa = PBXBuildFile; fileRef = E52C13F35D46496497EA3224 /* AgentDecision.swift */; };
		859E15E0381A499F8DD38531 /* ConversationPhasePolicy.swift in Sources */ = {isa = PBXBuildFile; fileRef = 8B4DEC2CB4C44D8BAD777B9E /* ConversationPhasePolicy.swift */; };
		4EDB65BAED5F4657923253FB /* FoundationModelsIntegration.swift in Sources */ = {isa = PBXBuildFile; fileRef = F96FABB928034F8099559D4D /* FoundationModelsIntegration.swift */; };
		1300913F70CA4D1DA024DF93 /* PreludeAgentPrompts.swift in Sources */ = {isa = PBXBuildFile; fileRef = 4CC121BB9CCB4730A5DD6A70 /* PreludeAgentPrompts.swift */; };
		D717540DD9B04102B28B3A75 /* PreludeBriefAgent.swift in Sources */ = {isa = PBXBuildFile; fileRef = 71BD3D07B1594ABA97BBF72E /* PreludeBriefAgent.swift */; };
		B3BEB7BF63794F168A16E89F /* AppState.swift in Sources */ = {isa = PBXBuildFile; fileRef = FCC54C9AA1564785989B8937 /* AppState.swift */; };
		36BCDB8EF97B4FE4BF89F10E /* CrisisDetection.swift in Sources */ = {isa = PBXBuildFile; fileRef = 4FAA9CC37B96450A9B97DDEB /* CrisisDetection.swift */; };
		12E56D70C2D945D88E649AF2 /* ModelAvailabilityState.swift in Sources */ = {isa = PBXBuildFile; fileRef = 9F0C68DA8C0C4CF6ACEA65A4 /* ModelAvailabilityState.swift */; };
		9A64579FD4AA449A912EEFAD /* PreludeApp.swift in Sources */ = {isa = PBXBuildFile; fileRef = A848592A50CF4486A9DA3AC9 /* PreludeApp.swift */; };
		04D4E3777F6A4B7FB28730F8 /* PreludeHaptics.swift in Sources */ = {isa = PBXBuildFile; fileRef = BC58CA40979E43CFAA0E8763 /* PreludeHaptics.swift */; };
		36DBC2A164E34C38B86802A2 /* UserSettings.swift in Sources */ = {isa = PBXBuildFile; fileRef = ECB35FDE669F422295F04B57 /* UserSettings.swift */; };
		ADE860A72129451980314E7C /* PreludeColors.swift in Sources */ = {isa = PBXBuildFile; fileRef = 78624E68B089473BB2FF7476 /* PreludeColors.swift */; };
		D97519AAE2F7422797CD89B9 /* PreludeGlass.swift in Sources */ = {isa = PBXBuildFile; fileRef = 50E85F7DC0FF4117A07A5203 /* PreludeGlass.swift */; };
		D52A8BFB59834EE2A7D4268A /* PreludeMotion.swift in Sources */ = {isa = PBXBuildFile; fileRef = F4FDB4AE090D4579AB32C4A0 /* PreludeMotion.swift */; };
		A5234774A0D04CA38A50612C /* PreludeTypography.swift in Sources */ = {isa = PBXBuildFile; fileRef = CD841D1FC4694D8DB60FAD76 /* PreludeTypography.swift */; };
		9800157B4A9A4729B9DAC9D1 /* BriefDraftSanitizer.swift in Sources */ = {isa = PBXBuildFile; fileRef = 926E39852AD34671B3B4CE8B /* BriefDraftSanitizer.swift */; };
		FAF0958960464C7291439026 /* BriefGenerationDraft.swift in Sources */ = {isa = PBXBuildFile; fileRef = 16631588EEC24E34A509850D /* BriefGenerationDraft.swift */; };
		9B2A2FC1B0C5482C91E9B06B /* BriefPatientWordsNormalizer.swift in Sources */ = {isa = PBXBuildFile; fileRef = EE904738F29F40F7A94B1801 /* BriefPatientWordsNormalizer.swift */; };
		4476DFC5910049AB96AA5670 /* BriefStore.swift in Sources */ = {isa = PBXBuildFile; fileRef = 57B1ECEAE2094899AFEF4148 /* BriefStore.swift */; };
		0B265F72DD6749078A64C5E3 /* InsightStore.swift in Sources */ = {isa = PBXBuildFile; fileRef = BD7F9B43804542C3A0238008 /* InsightStore.swift */; };
		CF78E6149A4548CBB696CD85 /* MemoryStore.swift in Sources */ = {isa = PBXBuildFile; fileRef = 09AC22944C6E4385A065686F /* MemoryStore.swift */; };
		981D19201A22404885056DD8 /* PatternDetector.swift in Sources */ = {isa = PBXBuildFile; fileRef = 188903ADDF4D4B398BDA2255 /* PatternDetector.swift */; };
		D06259BBD1264FECA46B9974 /* PreludeBriefFoundationModels.swift in Sources */ = {isa = PBXBuildFile; fileRef = CE1A2BEC08F045729C58E5F5 /* PreludeBriefFoundationModels.swift */; };
		D44CFEE6534845248D200641 /* SessionStore.swift in Sources */ = {isa = PBXBuildFile; fileRef = 31C8BD23054945E984A4E7AC /* SessionStore.swift */; };
		D20A47A4F77D42E7BD783A89 /* CardType.swift in Sources */ = {isa = PBXBuildFile; fileRef = 23EF6C12D6F042D0A8776243 /* CardType.swift */; };
		D6A5C57444F645F793BA2F5A /* ConversationPhase.swift in Sources */ = {isa = PBXBuildFile; fileRef = F4668A5F89E044099C7C18FC /* ConversationPhase.swift */; };
		7546CED081A4405C843E0096 /* EmotionLabel+ResolvedForSession.swift in Sources */ = {isa = PBXBuildFile; fileRef = F78875BE92F24A2693355309 /* EmotionLabel+ResolvedForSession.swift */; };
		A5D7CBD4585E482F9A0168CC /* EmotionLabel.swift in Sources */ = {isa = PBXBuildFile; fileRef = DF0ED481E560475C96582A3F /* EmotionLabel.swift */; };
		F12B71C52AEE487BBC82EB09 /* SwiftDataModels.swift in Sources */ = {isa = PBXBuildFile; fileRef = 32BBAEF5E9824234B8F86716 /* SwiftDataModels.swift */; };
		85D59729C7F34673AE97B675 /* VoiceState.swift in Sources */ = {isa = PBXBuildFile; fileRef = 95EF7386AFB64A91B320462B /* VoiceState.swift */; };
		EF8C8A6599774BBC8E964901 /* CheckPatternsTool.swift in Sources */ = {isa = PBXBuildFile; fileRef = 96F23AE6461F465AA05FACE1 /* CheckPatternsTool.swift */; };
		7BBE2A2E229B4BF7BBE71B26 /* EndSessionTool.swift in Sources */ = {isa = PBXBuildFile; fileRef = 502E9992E41544C3AF4449F2 /* EndSessionTool.swift */; };
		C3D4AE77507343378FB49683 /* GenerateCardTool.swift in Sources */ = {isa = PBXBuildFile; fileRef = D4D19BF94BB445B2BCD4C6DB /* GenerateCardTool.swift */; };
		AF0929C8A89A4E3A87459600 /* GetPastInsightsTool.swift in Sources */ = {isa = PBXBuildFile; fileRef = 91AA8E32B68E49A98DB48F4D /* GetPastInsightsTool.swift */; };
		A6DA170BF73647669A564640 /* SaveInsightTool.swift in Sources */ = {isa = PBXBuildFile; fileRef = EE008C312F9C4DCFA24C4916 /* SaveInsightTool.swift */; };
		F430BFD3EF344CF69A596ABC /* SummarizeSessionTool.swift in Sources */ = {isa = PBXBuildFile; fileRef = 776DE5AE235C42FDB514A24E /* SummarizeSessionTool.swift */; };
		5D582590C8204985973D37CA /* TagEmotionTool.swift in Sources */ = {isa = PBXBuildFile; fileRef = 3D2E82C564984920B35EE47D /* TagEmotionTool.swift */; };
		DD92D476A16549BF9A2358EE /* ToolExecutionContext.swift in Sources */ = {isa = PBXBuildFile; fileRef = 67750F82B243451AA2D82E5C /* ToolExecutionContext.swift */; };
		CE1BBB36B643481B8D5B2FC6 /* ToolRegistry.swift in Sources */ = {isa = PBXBuildFile; fileRef = BA82929D6AA64A37A14E7F9F /* ToolRegistry.swift */; };
		202A7A2E100640E4868321C5 /* BriefCardView.swift in Sources */ = {isa = PBXBuildFile; fileRef = AA7E190A6A864D63973C5D9F /* BriefCardView.swift */; };
		6734EBAE4CB24EEB82EA93FB /* BriefDetailView.swift in Sources */ = {isa = PBXBuildFile; fileRef = 01B0398ED7EF41EB83BF9309 /* BriefDetailView.swift */; };
		03E9825EF1FF48D3BDA74742 /* HistoryView.swift in Sources */ = {isa = PBXBuildFile; fileRef = A2B96F6E384A46F382D8B6BC /* HistoryView.swift */; };
		6EF2B660E7F940548AB15221 /* SessionRowView.swift in Sources */ = {isa = PBXBuildFile; fileRef = 4729CF0CF33841B19F157C90 /* SessionRowView.swift */; };
		DA26269A0935421A8DFBD135 /* AmbientBlobsView.swift in Sources */ = {isa = PBXBuildFile; fileRef = 7693F950E3304BCF9F8946B0 /* AmbientBlobsView.swift */; };
		2B90AF1D958D4DBA8AE46F9A /* HomeView.swift in Sources */ = {isa = PBXBuildFile; fileRef = 245F14806B27451FBF87E840 /* HomeView.swift */; };
		C1C4B82CB2C44F57806E90F0 /* PremiumVoiceWaitSheet.swift in Sources */ = {isa = PBXBuildFile; fileRef = BAEE3A4BA65D4A28AE39ABA3 /* PremiumVoiceWaitSheet.swift */; };
		A2B31B1952944CCAA008F725 /* OnboardingView.swift in Sources */ = {isa = PBXBuildFile; fileRef = 70BB82887BBF4D10A7DB10EB /* OnboardingView.swift */; };
		471744D0907B457AB9D9E71D /* MainTabView.swift in Sources */ = {isa = PBXBuildFile; fileRef = 27BD5A231BCA4248897F1606 /* MainTabView.swift */; };
		88305675D3E04C53B072D2A7 /* RootView.swift in Sources */ = {isa = PBXBuildFile; fileRef = 75F1C377E8384F1B9F3A99B6 /* RootView.swift */; };
		392AF41F98B845E6937C0F7B /* PresenceShapeView.swift in Sources */ = {isa = PBXBuildFile; fileRef = EA0555149EAF4F9B930739B0 /* PresenceShapeView.swift */; };
		2D812A86C2734DA5A4F9D054 /* SessionView.swift in Sources */ = {isa = PBXBuildFile; fileRef = 323FB0C6D3A54B7F9751BC70 /* SessionView.swift */; };
		E3BDA0E768ED4B1F83B15055 /* SettingsView.swift in Sources */ = {isa = PBXBuildFile; fileRef = 48C9C74CAD89400BBDDFD739 /* SettingsView.swift */; };
		0B30437B0D7C4BDB9D688989 /* EmotionalArcChartView.swift in Sources */ = {isa = PBXBuildFile; fileRef = 85F72CF97F59483EA7A24636 /* EmotionalArcChartView.swift */; };
		260F6DDECF004FC29B5FAC5B /* WeeklyBriefView.swift in Sources */ = {isa = PBXBuildFile; fileRef = 17BEDDAF315743D0B3DDEDD2 /* WeeklyBriefView.swift */; };
		A024CFE86F76485F9CEEBB23 /* SpeechAnalyzerPlaceholder.swift in Sources */ = {isa = PBXBuildFile; fileRef = 17881A1B27124E86A8EDD829 /* SpeechAnalyzerPlaceholder.swift */; };
		D9A4EB0FC32046659D221185 /* SpeechRecognizerService.swift in Sources */ = {isa = PBXBuildFile; fileRef = 5F2F30C4B48F4D2AA2593154 /* SpeechRecognizerService.swift */; };
		53823F540E68499EB07BD6BE /* TTS.swift in Sources */ = {isa = PBXBuildFile; fileRef = 837244B9D2384289A09E9A68 /* TTS.swift */; };
		18AA05CCA3A6405F9CAF2D43 /* VoiceEngine.swift in Sources */ = {isa = PBXBuildFile; fileRef = 806CFBEE44374A5781901E34 /* VoiceEngine.swift */; };
		71DD34C436E840A5A0CA93F7 /* ConversationPhasePolicyTests.swift in Sources */ = {isa = PBXBuildFile; fileRef = 9EB5949FA37D4605AD247D3B /* ConversationPhasePolicyTests.swift */; };
		8EA5D9F148B242E8B54F6AC3 /* PreludeTTSPrefetchTests.swift in Sources */ = {isa = PBXBuildFile; fileRef = 5ACA9982AFBE4F36A360A634 /* PreludeTTSPrefetchTests.swift */; };
		748DFEA0F3B34342A5800AA6 /* Assets.xcassets in Resources */ = {isa = PBXBuildFile; fileRef = 232E9F87849344849A1BFC03 /* Assets.xcassets */; };
		3507491A310C4EF99779904B /* PrivacyInfo.xcprivacy in Resources */ = {isa = PBXBuildFile; fileRef = 2323834225304C8BA9D326DD /* PrivacyInfo.xcprivacy */; };

		AA2689941AC041F8867118DC /* AgentController.swift */ = {isa = PBXFileReference; lastKnownFileType = sourcecode.swift; path = "Prelude/Agent/AgentController.swift"; sourceTree = "<group>"; };
		E52C13F35D46496497EA3224 /* AgentDecision.swift */ = {isa = PBXFileReference; lastKnownFileType = sourcecode.swift; path = "Prelude/Agent/AgentDecision.swift"; sourceTree = "<group>"; };
		8B4DEC2CB4C44D8BAD777B9E /* ConversationPhasePolicy.swift */ = {isa = PBXFileReference; lastKnownFileType = sourcecode.swift; path = "Prelude/Agent/ConversationPhasePolicy.swift"; sourceTree = "<group>"; };
		F96FABB928034F8099559D4D /* FoundationModelsIntegration.swift */ = {isa = PBXFileReference; lastKnownFileType = sourcecode.swift; path = "Prelude/Agent/FoundationModelsIntegration.swift"; sourceTree = "<group>"; };
		4CC121BB9CCB4730A5DD6A70 /* PreludeAgentPrompts.swift */ = {isa = PBXFileReference; lastKnownFileType = sourcecode.swift; path = "Prelude/Agent/PreludeAgentPrompts.swift"; sourceTree = "<group>"; };
		71BD3D07B1594ABA97BBF72E /* PreludeBriefAgent.swift */ = {isa = PBXFileReference; lastKnownFileType = sourcecode.swift; path = "Prelude/Agent/PreludeBriefAgent.swift"; sourceTree = "<group>"; };
		FCC54C9AA1564785989B8937 /* AppState.swift */ = {isa = PBXFileReference; lastKnownFileType = sourcecode.swift; path = "Prelude/App/AppState.swift"; sourceTree = "<group>"; };
		4FAA9CC37B96450A9B97DDEB /* CrisisDetection.swift */ = {isa = PBXFileReference; lastKnownFileType = sourcecode.swift; path = "Prelude/App/CrisisDetection.swift"; sourceTree = "<group>"; };
		9F0C68DA8C0C4CF6ACEA65A4 /* ModelAvailabilityState.swift */ = {isa = PBXFileReference; lastKnownFileType = sourcecode.swift; path = "Prelude/App/ModelAvailabilityState.swift"; sourceTree = "<group>"; };
		A848592A50CF4486A9DA3AC9 /* PreludeApp.swift */ = {isa = PBXFileReference; lastKnownFileType = sourcecode.swift; path = "Prelude/App/PreludeApp.swift"; sourceTree = "<group>"; };
		BC58CA40979E43CFAA0E8763 /* PreludeHaptics.swift */ = {isa = PBXFileReference; lastKnownFileType = sourcecode.swift; path = "Prelude/App/PreludeHaptics.swift"; sourceTree = "<group>"; };
		ECB35FDE669F422295F04B57 /* UserSettings.swift */ = {isa = PBXFileReference; lastKnownFileType = sourcecode.swift; path = "Prelude/App/UserSettings.swift"; sourceTree = "<group>"; };
		78624E68B089473BB2FF7476 /* PreludeColors.swift */ = {isa = PBXFileReference; lastKnownFileType = sourcecode.swift; path = "Prelude/Design/PreludeColors.swift"; sourceTree = "<group>"; };
		50E85F7DC0FF4117A07A5203 /* PreludeGlass.swift */ = {isa = PBXFileReference; lastKnownFileType = sourcecode.swift; path = "Prelude/Design/PreludeGlass.swift"; sourceTree = "<group>"; };
		F4FDB4AE090D4579AB32C4A0 /* PreludeMotion.swift */ = {isa = PBXFileReference; lastKnownFileType = sourcecode.swift; path = "Prelude/Design/PreludeMotion.swift"; sourceTree = "<group>"; };
		CD841D1FC4694D8DB60FAD76 /* PreludeTypography.swift */ = {isa = PBXFileReference; lastKnownFileType = sourcecode.swift; path = "Prelude/Design/PreludeTypography.swift"; sourceTree = "<group>"; };
		926E39852AD34671B3B4CE8B /* BriefDraftSanitizer.swift */ = {isa = PBXFileReference; lastKnownFileType = sourcecode.swift; path = "Prelude/Memory/BriefDraftSanitizer.swift"; sourceTree = "<group>"; };
		16631588EEC24E34A509850D /* BriefGenerationDraft.swift */ = {isa = PBXFileReference; lastKnownFileType = sourcecode.swift; path = "Prelude/Memory/BriefGenerationDraft.swift"; sourceTree = "<group>"; };
		EE904738F29F40F7A94B1801 /* BriefPatientWordsNormalizer.swift */ = {isa = PBXFileReference; lastKnownFileType = sourcecode.swift; path = "Prelude/Memory/BriefPatientWordsNormalizer.swift"; sourceTree = "<group>"; };
		57B1ECEAE2094899AFEF4148 /* BriefStore.swift */ = {isa = PBXFileReference; lastKnownFileType = sourcecode.swift; path = "Prelude/Memory/BriefStore.swift"; sourceTree = "<group>"; };
		BD7F9B43804542C3A0238008 /* InsightStore.swift */ = {isa = PBXFileReference; lastKnownFileType = sourcecode.swift; path = "Prelude/Memory/InsightStore.swift"; sourceTree = "<group>"; };
		09AC22944C6E4385A065686F /* MemoryStore.swift */ = {isa = PBXFileReference; lastKnownFileType = sourcecode.swift; path = "Prelude/Memory/MemoryStore.swift"; sourceTree = "<group>"; };
		188903ADDF4D4B398BDA2255 /* PatternDetector.swift */ = {isa = PBXFileReference; lastKnownFileType = sourcecode.swift; path = "Prelude/Memory/PatternDetector.swift"; sourceTree = "<group>"; };
		CE1A2BEC08F045729C58E5F5 /* PreludeBriefFoundationModels.swift */ = {isa = PBXFileReference; lastKnownFileType = sourcecode.swift; path = "Prelude/Memory/PreludeBriefFoundationModels.swift"; sourceTree = "<group>"; };
		31C8BD23054945E984A4E7AC /* SessionStore.swift */ = {isa = PBXFileReference; lastKnownFileType = sourcecode.swift; path = "Prelude/Memory/SessionStore.swift"; sourceTree = "<group>"; };
		23EF6C12D6F042D0A8776243 /* CardType.swift */ = {isa = PBXFileReference; lastKnownFileType = sourcecode.swift; path = "Prelude/Models/CardType.swift"; sourceTree = "<group>"; };
		F4668A5F89E044099C7C18FC /* ConversationPhase.swift */ = {isa = PBXFileReference; lastKnownFileType = sourcecode.swift; path = "Prelude/Models/ConversationPhase.swift"; sourceTree = "<group>"; };
		F78875BE92F24A2693355309 /* EmotionLabel+ResolvedForSession.swift */ = {isa = PBXFileReference; lastKnownFileType = sourcecode.swift; path = "Prelude/Models/EmotionLabel+ResolvedForSession.swift"; sourceTree = "<group>"; };
		DF0ED481E560475C96582A3F /* EmotionLabel.swift */ = {isa = PBXFileReference; lastKnownFileType = sourcecode.swift; path = "Prelude/Models/EmotionLabel.swift"; sourceTree = "<group>"; };
		32BBAEF5E9824234B8F86716 /* SwiftDataModels.swift */ = {isa = PBXFileReference; lastKnownFileType = sourcecode.swift; path = "Prelude/Models/SwiftDataModels.swift"; sourceTree = "<group>"; };
		95EF7386AFB64A91B320462B /* VoiceState.swift */ = {isa = PBXFileReference; lastKnownFileType = sourcecode.swift; path = "Prelude/Models/VoiceState.swift"; sourceTree = "<group>"; };
		96F23AE6461F465AA05FACE1 /* CheckPatternsTool.swift */ = {isa = PBXFileReference; lastKnownFileType = sourcecode.swift; path = "Prelude/Tools/CheckPatternsTool.swift"; sourceTree = "<group>"; };
		502E9992E41544C3AF4449F2 /* EndSessionTool.swift */ = {isa = PBXFileReference; lastKnownFileType = sourcecode.swift; path = "Prelude/Tools/EndSessionTool.swift"; sourceTree = "<group>"; };
		D4D19BF94BB445B2BCD4C6DB /* GenerateCardTool.swift */ = {isa = PBXFileReference; lastKnownFileType = sourcecode.swift; path = "Prelude/Tools/GenerateCardTool.swift"; sourceTree = "<group>"; };
		91AA8E32B68E49A98DB48F4D /* GetPastInsightsTool.swift */ = {isa = PBXFileReference; lastKnownFileType = sourcecode.swift; path = "Prelude/Tools/GetPastInsightsTool.swift"; sourceTree = "<group>"; };
		EE008C312F9C4DCFA24C4916 /* SaveInsightTool.swift */ = {isa = PBXFileReference; lastKnownFileType = sourcecode.swift; path = "Prelude/Tools/SaveInsightTool.swift"; sourceTree = "<group>"; };
		776DE5AE235C42FDB514A24E /* SummarizeSessionTool.swift */ = {isa = PBXFileReference; lastKnownFileType = sourcecode.swift; path = "Prelude/Tools/SummarizeSessionTool.swift"; sourceTree = "<group>"; };
		3D2E82C564984920B35EE47D /* TagEmotionTool.swift */ = {isa = PBXFileReference; lastKnownFileType = sourcecode.swift; path = "Prelude/Tools/TagEmotionTool.swift"; sourceTree = "<group>"; };
		67750F82B243451AA2D82E5C /* ToolExecutionContext.swift */ = {isa = PBXFileReference; lastKnownFileType = sourcecode.swift; path = "Prelude/Tools/ToolExecutionContext.swift"; sourceTree = "<group>"; };
		BA82929D6AA64A37A14E7F9F /* ToolRegistry.swift */ = {isa = PBXFileReference; lastKnownFileType = sourcecode.swift; path = "Prelude/Tools/ToolRegistry.swift"; sourceTree = "<group>"; };
		AA7E190A6A864D63973C5D9F /* BriefCardView.swift */ = {isa = PBXFileReference; lastKnownFileType = sourcecode.swift; path = "Prelude/UI/Brief/BriefCardView.swift"; sourceTree = "<group>"; };
		01B0398ED7EF41EB83BF9309 /* BriefDetailView.swift */ = {isa = PBXFileReference; lastKnownFileType = sourcecode.swift; path = "Prelude/UI/Brief/BriefDetailView.swift"; sourceTree = "<group>"; };
		A2B96F6E384A46F382D8B6BC /* HistoryView.swift */ = {isa = PBXFileReference; lastKnownFileType = sourcecode.swift; path = "Prelude/UI/History/HistoryView.swift"; sourceTree = "<group>"; };
		4729CF0CF33841B19F157C90 /* SessionRowView.swift */ = {isa = PBXFileReference; lastKnownFileType = sourcecode.swift; path = "Prelude/UI/History/SessionRowView.swift"; sourceTree = "<group>"; };
		7693F950E3304BCF9F8946B0 /* AmbientBlobsView.swift */ = {isa = PBXFileReference; lastKnownFileType = sourcecode.swift; path = "Prelude/UI/Home/AmbientBlobsView.swift"; sourceTree = "<group>"; };
		245F14806B27451FBF87E840 /* HomeView.swift */ = {isa = PBXFileReference; lastKnownFileType = sourcecode.swift; path = "Prelude/UI/Home/HomeView.swift"; sourceTree = "<group>"; };
		BAEE3A4BA65D4A28AE39ABA3 /* PremiumVoiceWaitSheet.swift */ = {isa = PBXFileReference; lastKnownFileType = sourcecode.swift; path = "Prelude/UI/Home/PremiumVoiceWaitSheet.swift"; sourceTree = "<group>"; };
		70BB82887BBF4D10A7DB10EB /* OnboardingView.swift */ = {isa = PBXFileReference; lastKnownFileType = sourcecode.swift; path = "Prelude/UI/Onboarding/OnboardingView.swift"; sourceTree = "<group>"; };
		27BD5A231BCA4248897F1606 /* MainTabView.swift */ = {isa = PBXFileReference; lastKnownFileType = sourcecode.swift; path = "Prelude/UI/Root/MainTabView.swift"; sourceTree = "<group>"; };
		75F1C377E8384F1B9F3A99B6 /* RootView.swift */ = {isa = PBXFileReference; lastKnownFileType = sourcecode.swift; path = "Prelude/UI/Root/RootView.swift"; sourceTree = "<group>"; };
		EA0555149EAF4F9B930739B0 /* PresenceShapeView.swift */ = {isa = PBXFileReference; lastKnownFileType = sourcecode.swift; path = "Prelude/UI/Session/PresenceShapeView.swift"; sourceTree = "<group>"; };
		323FB0C6D3A54B7F9751BC70 /* SessionView.swift */ = {isa = PBXFileReference; lastKnownFileType = sourcecode.swift; path = "Prelude/UI/Session/SessionView.swift"; sourceTree = "<group>"; };
		48C9C74CAD89400BBDDFD739 /* SettingsView.swift */ = {isa = PBXFileReference; lastKnownFileType = sourcecode.swift; path = "Prelude/UI/Settings/SettingsView.swift"; sourceTree = "<group>"; };
		85F72CF97F59483EA7A24636 /* EmotionalArcChartView.swift */ = {isa = PBXFileReference; lastKnownFileType = sourcecode.swift; path = "Prelude/UI/Weekly/EmotionalArcChartView.swift"; sourceTree = "<group>"; };
		17BEDDAF315743D0B3DDEDD2 /* WeeklyBriefView.swift */ = {isa = PBXFileReference; lastKnownFileType = sourcecode.swift; path = "Prelude/UI/Weekly/WeeklyBriefView.swift"; sourceTree = "<group>"; };
		17881A1B27124E86A8EDD829 /* SpeechAnalyzerPlaceholder.swift */ = {isa = PBXFileReference; lastKnownFileType = sourcecode.swift; path = "Prelude/Voice/SpeechAnalyzerPlaceholder.swift"; sourceTree = "<group>"; };
		5F2F30C4B48F4D2AA2593154 /* SpeechRecognizerService.swift */ = {isa = PBXFileReference; lastKnownFileType = sourcecode.swift; path = "Prelude/Voice/SpeechRecognizerService.swift"; sourceTree = "<group>"; };
		837244B9D2384289A09E9A68 /* TTS.swift */ = {isa = PBXFileReference; lastKnownFileType = sourcecode.swift; path = "Prelude/Voice/TTS.swift"; sourceTree = "<group>"; };
		806CFBEE44374A5781901E34 /* VoiceEngine.swift */ = {isa = PBXFileReference; lastKnownFileType = sourcecode.swift; path = "Prelude/Voice/VoiceEngine.swift"; sourceTree = "<group>"; };
		9EB5949FA37D4605AD247D3B /* ConversationPhasePolicyTests.swift */ = {isa = PBXFileReference; lastKnownFileType = sourcecode.swift; path = "PreludeTests/ConversationPhasePolicyTests.swift"; sourceTree = "<group>"; };
		5ACA9982AFBE4F36A360A634 /* PreludeTTSPrefetchTests.swift */ = {isa = PBXFileReference; lastKnownFileType = sourcecode.swift; path = "PreludeTests/PreludeTTSPrefetchTests.swift"; sourceTree = "<group>"; };
		07840A964E3441EDB67F478D /* PreludeTests.xctest */ = {isa = PBXFileReference; explicitFileType = wrapper.cfbundle; includeInIndex = 0; path = PreludeTests.xctest; sourceTree = BUILT_PRODUCTS_DIR; };
		232E9F87849344849A1BFC03 /* Assets.xcassets */ = {isa = PBXFileReference; lastKnownFileType = folder.assetcatalog; path = Prelude/Assets.xcassets; sourceTree = "<group>"; };
		2323834225304C8BA9D326DD /* PrivacyInfo.xcprivacy */ = {isa = PBXFileReference; lastKnownFileType = text.xml; path = Prelude/PrivacyInfo.xcprivacy; sourceTree = "<group>"; };
		6DB2BBCE5A8348A19C97B8D4 /* Prelude.app */ = {isa = PBXFileReference; explicitFileType = wrapper.application; includeInIndex = 0; path = Prelude.app; sourceTree = BUILT_PRODUCTS_DIR; };

		/* Begin PBXGroup section */
		585BA7316BEE4582A4006F16 = {
			isa = PBXGroup;
			children = (AA2689941AC041F8867118DC, E52C13F35D46496497EA3224, 8B4DEC2CB4C44D8BAD777B9E, F96FABB928034F8099559D4D, 4CC121BB9CCB4730A5DD6A70, 71BD3D07B1594ABA97BBF72E, FCC54C9AA1564785989B8937, 4FAA9CC37B96450A9B97DDEB, 9F0C68DA8C0C4CF6ACEA65A4, A848592A50CF4486A9DA3AC9, BC58CA40979E43CFAA0E8763, ECB35FDE669F422295F04B57, 78624E68B089473BB2FF7476, 50E85F7DC0FF4117A07A5203, F4FDB4AE090D4579AB32C4A0, CD841D1FC4694D8DB60FAD76, 926E39852AD34671B3B4CE8B, 16631588EEC24E34A509850D, EE904738F29F40F7A94B1801, 57B1ECEAE2094899AFEF4148, BD7F9B43804542C3A0238008, 09AC22944C6E4385A065686F, 188903ADDF4D4B398BDA2255, CE1A2BEC08F045729C58E5F5, 31C8BD23054945E984A4E7AC, 23EF6C12D6F042D0A8776243, F4668A5F89E044099C7C18FC, F78875BE92F24A2693355309, DF0ED481E560475C96582A3F, 32BBAEF5E9824234B8F86716, 95EF7386AFB64A91B320462B, 96F23AE6461F465AA05FACE1, 502E9992E41544C3AF4449F2, D4D19BF94BB445B2BCD4C6DB, 91AA8E32B68E49A98DB48F4D, EE008C312F9C4DCFA24C4916, 776DE5AE235C42FDB514A24E, 3D2E82C564984920B35EE47D, 67750F82B243451AA2D82E5C, BA82929D6AA64A37A14E7F9F, AA7E190A6A864D63973C5D9F, 01B0398ED7EF41EB83BF9309, A2B96F6E384A46F382D8B6BC, 4729CF0CF33841B19F157C90, 7693F950E3304BCF9F8946B0, 245F14806B27451FBF87E840, BAEE3A4BA65D4A28AE39ABA3, 70BB82887BBF4D10A7DB10EB, 27BD5A231BCA4248897F1606, 75F1C377E8384F1B9F3A99B6, EA0555149EAF4F9B930739B0, 323FB0C6D3A54B7F9751BC70, 48C9C74CAD89400BBDDFD739, 85F72CF97F59483EA7A24636, 17BEDDAF315743D0B3DDEDD2, 17881A1B27124E86A8EDD829, 5F2F30C4B48F4D2AA2593154, 837244B9D2384289A09E9A68, 806CFBEE44374A5781901E34, 232E9F87849344849A1BFC03, 2323834225304C8BA9D326DD);
			name = Prelude;
			sourceTree = "<group>";
		};
		9E3DE35DA8D54CAE886239E6 = {
			isa = PBXGroup;
			children = (9EB5949FA37D4605AD247D3B, 5ACA9982AFBE4F36A360A634);
			name = PreludeTests;
			sourceTree = "<group>";
		};
		2AD28378A7694BF08945F93F = {
			isa = PBXGroup;
			children = (6DB2BBCE5A8348A19C97B8D4, 07840A964E3441EDB67F478D);
			name = Products;
			sourceTree = "<group>";
		};
		3B34E6A945574AB5BF09519D = {
			isa = PBXGroup;
			children = (585BA7316BEE4582A4006F16, 9E3DE35DA8D54CAE886239E6, 2AD28378A7694BF08945F93F);
			sourceTree = "<group>";
		};
		/* End PBXGroup section */

		/* Begin PBXNativeTarget section */
		F4962B1B970C4EEC88F060E3 /* Prelude */ = {
			isa = PBXNativeTarget;
			buildConfigurationList = 21664D0BCA49499891B8440F;
			buildPhases = (43712C3E99454932B865CFF6, 1E799A3CA6FD4F4F8CD526D9);
			buildRules = ();
			dependencies = ();
			name = Prelude;
			productName = Prelude;
			productReference = 6DB2BBCE5A8348A19C97B8D4 /* Prelude.app */;
			productType = "com.apple.product-type.application";
		};
		FE08995B5CF24993AB9CCC64 /* PreludeTests */ = {
			isa = PBXNativeTarget;
			buildConfigurationList = 05542A0DEB1E457E82636744;
			buildPhases = (8A588DAA8E3046AF81CD99EF);
			buildRules = ();
			dependencies = (4895928FF8B54E43BACDDD62 /* PBXTargetDependency */);
			name = PreludeTests;
			productName = PreludeTests;
			productReference = 07840A964E3441EDB67F478D /* PreludeTests.xctest */;
			productType = "com.apple.product-type.bundle.unit-test";
		};
		/* End PBXNativeTarget section */

		/* Begin PBXContainerItemProxy section */
		BC5ADBB1EE55445383E2D342 /* PBXContainerItemProxy */ = {
			isa = PBXContainerItemProxy;
			containerPortal = 582241C8096A48F992A4F34C /* Project object */;
			proxyType = 1;
			remoteGlobalIDString = F4962B1B970C4EEC88F060E3;
			remoteInfo = Prelude;
		};
		/* End PBXContainerItemProxy section */

		/* Begin PBXTargetDependency section */
		4895928FF8B54E43BACDDD62 /* PBXTargetDependency */ = {
			isa = PBXTargetDependency;
			target = F4962B1B970C4EEC88F060E3 /* Prelude */;
			targetProxy = BC5ADBB1EE55445383E2D342 /* PBXContainerItemProxy */;
		};
		/* End PBXTargetDependency section */

		/* Begin PBXProject section */
		582241C8096A48F992A4F34C /* Project object */ = {
			isa = PBXProject;
			attributes = {LastSwiftUpdateCheck = 1500; LastUpgradeCheck = 1500; BuildIndependentTargetsInParallel = 1; };
			buildConfigurationList = 5E69662E054941A2BF7135C4;
			compatibilityVersion = "Xcode 14.0";
			developmentRegion = en;
			hasScannedForEncodings = 0;
			knownRegions = (en, Base);
			mainGroup = 3B34E6A945574AB5BF09519D;
			productRefGroup = 2AD28378A7694BF08945F93F /* Products */;
			targets = (F4962B1B970C4EEC88F060E3 /* Prelude */, FE08995B5CF24993AB9CCC64 /* PreludeTests */);
		};
		/* End PBXProject section */

		/* Begin PBXSourcesBuildPhase section */
		43712C3E99454932B865CFF6 /* Sources */ = {
			isa = PBXSourcesBuildPhase;
			buildActionMask = 2147483647;
			files = (3AD108A0A0A24505912FE76D, B38312E3E36647B38FC61964, 859E15E0381A499F8DD38531, 4EDB65BAED5F4657923253FB, 1300913F70CA4D1DA024DF93, D717540DD9B04102B28B3A75, B3BEB7BF63794F168A16E89F, 36BCDB8EF97B4FE4BF89F10E, 12E56D70C2D945D88E649AF2, 9A64579FD4AA449A912EEFAD, 04D4E3777F6A4B7FB28730F8, 36DBC2A164E34C38B86802A2, ADE860A72129451980314E7C, D97519AAE2F7422797CD89B9, D52A8BFB59834EE2A7D4268A, A5234774A0D04CA38A50612C, 9800157B4A9A4729B9DAC9D1, FAF0958960464C7291439026, 9B2A2FC1B0C5482C91E9B06B, 4476DFC5910049AB96AA5670, 0B265F72DD6749078A64C5E3, CF78E6149A4548CBB696CD85, 981D19201A22404885056DD8, D06259BBD1264FECA46B9974, D44CFEE6534845248D200641, D20A47A4F77D42E7BD783A89, D6A5C57444F645F793BA2F5A, 7546CED081A4405C843E0096, A5D7CBD4585E482F9A0168CC, F12B71C52AEE487BBC82EB09, 85D59729C7F34673AE97B675, EF8C8A6599774BBC8E964901, 7BBE2A2E229B4BF7BBE71B26, C3D4AE77507343378FB49683, AF0929C8A89A4E3A87459600, A6DA170BF73647669A564640, F430BFD3EF344CF69A596ABC, 5D582590C8204985973D37CA, DD92D476A16549BF9A2358EE, CE1BBB36B643481B8D5B2FC6, 202A7A2E100640E4868321C5, 6734EBAE4CB24EEB82EA93FB, 03E9825EF1FF48D3BDA74742, 6EF2B660E7F940548AB15221, DA26269A0935421A8DFBD135, 2B90AF1D958D4DBA8AE46F9A, C1C4B82CB2C44F57806E90F0, A2B31B1952944CCAA008F725, 471744D0907B457AB9D9E71D, 88305675D3E04C53B072D2A7, 392AF41F98B845E6937C0F7B, 2D812A86C2734DA5A4F9D054, E3BDA0E768ED4B1F83B15055, 0B30437B0D7C4BDB9D688989, 260F6DDECF004FC29B5FAC5B, A024CFE86F76485F9CEEBB23, D9A4EB0FC32046659D221185, 53823F540E68499EB07BD6BE, 18AA05CCA3A6405F9CAF2D43);
			runOnlyForDeploymentPostprocessing = 0;
		};
		8A588DAA8E3046AF81CD99EF /* Sources */ = {
			isa = PBXSourcesBuildPhase;
			buildActionMask = 2147483647;
			files = (71DD34C436E840A5A0CA93F7, 8EA5D9F148B242E8B54F6AC3);
			runOnlyForDeploymentPostprocessing = 0;
		};
		/* End PBXSourcesBuildPhase section */

		/* Begin PBXResourcesBuildPhase section */
		1E799A3CA6FD4F4F8CD526D9 /* Resources */ = {
			isa = PBXResourcesBuildPhase;
			buildActionMask = 2147483647;
			files = (748DFEA0F3B34342A5800AA6, 3507491A310C4EF99779904B);
			runOnlyForDeploymentPostprocessing = 0;
		};
		/* End PBXResourcesBuildPhase section */

		/* Begin XCBuildConfiguration section */
		9774D2354BB7495C82DCC805 /* Debug */ = {
			isa = XCBuildConfiguration;
			buildSettings = {
				ALWAYS_SEARCH_USER_PATHS = NO;
				SWIFT_VERSION = 5.0;
			};
			name = Debug;
		};
		44CBC311D6924A1595FA1B81 /* Release */ = {
			isa = XCBuildConfiguration;
			buildSettings = {
				ALWAYS_SEARCH_USER_PATHS = NO;
				SWIFT_VERSION = 5.0;
			};
			name = Release;
		};
		E6D799545BBA4A2B8BB92304 /* Debug */ = {
			isa = XCBuildConfiguration;
			buildSettings = {
				ASSETCATALOG_COMPILER_APPICON_NAME = AppIcon;
				CODE_SIGN_STYLE = Automatic;
				SDKROOT = iphoneos;
				SUPPORTED_PLATFORMS = "iphoneos iphonesimulator";
				CURRENT_PROJECT_VERSION = 1;
				DEVELOPMENT_TEAM = 439GU2NXZH;
				ENABLE_PREVIEWS = YES;
				ENABLE_TESTABILITY = YES;
				GENERATE_INFOPLIST_FILE = YES;
				INFOPLIST_KEY_NSMicrophoneUsageDescription = "Prelude uses the microphone for your reflection session.";
				INFOPLIST_KEY_NSSpeechRecognitionUsageDescription = "Prelude transcribes your speech on device during sessions.";
				INFOPLIST_KEY_UIApplicationSceneManifest_Generation = YES;
				INFOPLIST_KEY_UILaunchScreen_Generation = YES;
				INFOPLIST_KEY_UISupportedInterfaceOrientations = UIInterfaceOrientationPortrait;
				IPHONEOS_DEPLOYMENT_TARGET = 26.0;
				LD_RUNPATH_SEARCH_PATHS = ("$(inherited)", "@executable_path/Frameworks");
				MARKETING_VERSION = 1.0;
				PRODUCT_BUNDLE_IDENTIFIER = app.prelude.Prelude;
				PRODUCT_NAME = "$(TARGET_NAME)";
				SWIFT_EMIT_LOC_STRINGS = YES;
				SWIFT_VERSION = 5.0;
				TARGETED_DEVICE_FAMILY = 1;
			};
			name = Debug;
		};
		9FDF681AC43A4F5A875E4E0A /* Release */ = {
			isa = XCBuildConfiguration;
			buildSettings = {
				ASSETCATALOG_COMPILER_APPICON_NAME = AppIcon;
				CODE_SIGN_STYLE = Automatic;
				SDKROOT = iphoneos;
				SUPPORTED_PLATFORMS = "iphoneos iphonesimulator";
				CURRENT_PROJECT_VERSION = 1;
				DEVELOPMENT_TEAM = 439GU2NXZH;
				ENABLE_PREVIEWS = YES;
				GENERATE_INFOPLIST_FILE = YES;
				INFOPLIST_KEY_NSMicrophoneUsageDescription = "Prelude uses the microphone for your reflection session.";
				INFOPLIST_KEY_NSSpeechRecognitionUsageDescription = "Prelude transcribes your speech on device during sessions.";
				INFOPLIST_KEY_UIApplicationSceneManifest_Generation = YES;
				INFOPLIST_KEY_UILaunchScreen_Generation = YES;
				INFOPLIST_KEY_UISupportedInterfaceOrientations = UIInterfaceOrientationPortrait;
				IPHONEOS_DEPLOYMENT_TARGET = 26.0;
				LD_RUNPATH_SEARCH_PATHS = ("$(inherited)", "@executable_path/Frameworks");
				MARKETING_VERSION = 1.0;
				PRODUCT_BUNDLE_IDENTIFIER = app.prelude.Prelude;
				PRODUCT_NAME = "$(TARGET_NAME)";
				SWIFT_EMIT_LOC_STRINGS = YES;
				SWIFT_VERSION = 5.0;
				TARGETED_DEVICE_FAMILY = 1;
			};
			name = Release;
		};
		C5417D1F60774FCAB40F265F /* Debug */ = {
			isa = XCBuildConfiguration;
			buildSettings = {
				BUNDLE_LOADER = "$(TEST_HOST)";
				CODE_SIGN_STYLE = Automatic;
				CURRENT_PROJECT_VERSION = 1;
				DEVELOPMENT_TEAM = 439GU2NXZH;
				GENERATE_INFOPLIST_FILE = YES;
				IPHONEOS_DEPLOYMENT_TARGET = 26.0;
				LD_RUNPATH_SEARCH_PATHS = ("$(inherited)", "@executable_path/Frameworks", "@loader_path/Frameworks");
				MARKETING_VERSION = 1.0;
				PRODUCT_BUNDLE_IDENTIFIER = app.prelude.PreludeTests;
				PRODUCT_NAME = "$(TARGET_NAME)";
				SDKROOT = iphoneos;
				SUPPORTED_PLATFORMS = "iphoneos iphonesimulator";
				SWIFT_VERSION = 5.0;
				TARGETED_DEVICE_FAMILY = 1;
				TEST_HOST = "$(BUILT_PRODUCTS_DIR)/Prelude.app/Prelude";
			};
			name = Debug;
		};
		5D5FA0FBDAE34131AB6F39A0 /* Release */ = {
			isa = XCBuildConfiguration;
			buildSettings = {
				BUNDLE_LOADER = "$(TEST_HOST)";
				CODE_SIGN_STYLE = Automatic;
				CURRENT_PROJECT_VERSION = 1;
				DEVELOPMENT_TEAM = 439GU2NXZH;
				GENERATE_INFOPLIST_FILE = YES;
				IPHONEOS_DEPLOYMENT_TARGET = 26.0;
				LD_RUNPATH_SEARCH_PATHS = ("$(inherited)", "@executable_path/Frameworks", "@loader_path/Frameworks");
				MARKETING_VERSION = 1.0;
				PRODUCT_BUNDLE_IDENTIFIER = app.prelude.PreludeTests;
				PRODUCT_NAME = "$(TARGET_NAME)";
				SDKROOT = iphoneos;
				SUPPORTED_PLATFORMS = "iphoneos iphonesimulator";
				SWIFT_VERSION = 5.0;
				TARGETED_DEVICE_FAMILY = 1;
				TEST_HOST = "$(BUILT_PRODUCTS_DIR)/Prelude.app/Prelude";
			};
			name = Release;
		};
		/* End XCBuildConfiguration section */

		/* Begin XCConfigurationList section */
		5E69662E054941A2BF7135C4 /* Build configuration list for PBXProject */ = {
			isa = XCConfigurationList;
			buildConfigurations = (9774D2354BB7495C82DCC805 /* Debug */, 44CBC311D6924A1595FA1B81 /* Release */);
			defaultConfigurationIsVisible = 0;
			defaultConfigurationName = Release;
		};
		21664D0BCA49499891B8440F /* Build configuration list for PBXNativeTarget "Prelude" */ = {
			isa = XCConfigurationList;
			buildConfigurations = (E6D799545BBA4A2B8BB92304 /* Debug */, 9FDF681AC43A4F5A875E4E0A /* Release */);
			defaultConfigurationIsVisible = 0;
			defaultConfigurationName = Release;
		};
		05542A0DEB1E457E82636744 /* Build configuration list for PBXNativeTarget "PreludeTests" */ = {
			isa = XCConfigurationList;
			buildConfigurations = (C5417D1F60774FCAB40F265F /* Debug */, 5D5FA0FBDAE34131AB6F39A0 /* Release */);
			defaultConfigurationIsVisible = 0;
			defaultConfigurationName = Release;
		};
		/* End XCConfigurationList section */
	};
	rootObject = 582241C8096A48F992A4F34C /* Project object */;
}
